// !$*UTF8*$!
{
	archiveVersion = 1;
	classes = {
	};
	objectVersion = 56;
	objects = {

/* Begin PBXBuildFile section */
		8409F7F129199B8500ECBDF2 /* AppDelegate.swift in Sources */ = {isa = PBXBuildFile; fileRef = 8409F7F029199B8500ECBDF2 /* AppDelegate.swift */; };
		8409F7F329199B8500ECBDF2 /* SceneDelegate.swift in Sources */ = {isa = PBXBuildFile; fileRef = 8409F7F229199B8500ECBDF2 /* SceneDelegate.swift */; };
		8409F7F529199B8500ECBDF2 /* ViewController.swift in Sources */ = {isa = PBXBuildFile; fileRef = 8409F7F429199B8500ECBDF2 /* ViewController.swift */; };
		8409F7F829199B8500ECBDF2 /* Main.storyboard in Resources */ = {isa = PBXBuildFile; fileRef = 8409F7F629199B8500ECBDF2 /* Main.storyboard */; };
		8409F7FA29199B8700ECBDF2 /* Assets.xcassets in Resources */ = {isa = PBXBuildFile; fileRef = 8409F7F929199B8700ECBDF2 /* Assets.xcassets */; };
		8409F7FD29199B8700ECBDF2 /* LaunchScreen.storyboard in Resources */ = {isa = PBXBuildFile; fileRef = 8409F7FB29199B8700ECBDF2 /* LaunchScreen.storyboard */; };
		8409F8052919B07C00ECBDF2 /* viewReceiptsVC.swift in Sources */ = {isa = PBXBuildFile; fileRef = 8409F8042919B07C00ECBDF2 /* viewReceiptsVC.swift */; };
		8409F8072919B62C00ECBDF2 /* receiptsDataVC.swift in Sources */ = {isa = PBXBuildFile; fileRef = 8409F8062919B62C00ECBDF2 /* receiptsDataVC.swift */; };
		8411C53429203CAA00CF29DF /* GoogleService-Info.plist in Resources */ = {isa = PBXBuildFile; fileRef = 8411C53329203CAA00CF29DF /* GoogleService-Info.plist */; };
		8411C5362920618F00CF29DF /* mainVC.swift in Sources */ = {isa = PBXBuildFile; fileRef = 8411C5352920618F00CF29DF /* mainVC.swift */; };
		846ADDDD292A87E0000669AD /* dataDetailVC.swift in Sources */ = {isa = PBXBuildFile; fileRef = 846ADDDC292A87E0000669AD /* dataDetailVC.swift */; };
		84A0BD3C292DAABF00A49B61 /* showReceiptVC.swift in Sources */ = {isa = PBXBuildFile; fileRef = 84A0BD3B292DAABF00A49B61 /* showReceiptVC.swift */; };
		84E89F2729213C5E001AE5AC /* Realm in Frameworks */ = {isa = PBXBuildFile; productRef = 84E89F2629213C5E001AE5AC /* Realm */; };
		84E89F2929213C5E001AE5AC /* RealmSwift in Frameworks */ = {isa = PBXBuildFile; productRef = 84E89F2829213C5E001AE5AC /* RealmSwift */; };
		84E89F2B2921416B001AE5AC /* photoVC.swift in Sources */ = {isa = PBXBuildFile; fileRef = 84E89F2A2921416B001AE5AC /* photoVC.swift */; };
		84E89F2D29214D23001AE5AC /* extractTextVC.swift in Sources */ = {isa = PBXBuildFile; fileRef = 84E89F2C29214D23001AE5AC /* extractTextVC.swift */; };
		9C3D9ACCC350E9079FCEDBB5 /* Pods_MyReceipts.framework in Frameworks */ = {isa = PBXBuildFile; fileRef = 5C3696B9668D7AAAAB28B4BC /* Pods_MyReceipts.framework */; };
/* End PBXBuildFile section */

/* Begin PBXFileReference section */
		4AB97069C156A531CE7B6022 /* Pods-MyReceipts.debug.xcconfig */ = {isa = PBXFileReference; includeInIndex = 1; lastKnownFileType = text.xcconfig; name = "Pods-MyReceipts.debug.xcconfig"; path = "Target Support Files/Pods-MyReceipts/Pods-MyReceipts.debug.xcconfig"; sourceTree = "<group>"; };
		5C3696B9668D7AAAAB28B4BC /* Pods_MyReceipts.framework */ = {isa = PBXFileReference; explicitFileType = wrapper.framework; includeInIndex = 0; path = Pods_MyReceipts.framework; sourceTree = BUILT_PRODUCTS_DIR; };
		5DE1FBAF5A585EF47C2EF912 /* Pods-MyReceipts.release.xcconfig */ = {isa = PBXFileReference; includeInIndex = 1; lastKnownFileType = text.xcconfig; name = "Pods-MyReceipts.release.xcconfig"; path = "Target Support Files/Pods-MyReceipts/Pods-MyReceipts.release.xcconfig"; sourceTree = "<group>"; };
		8409F7ED29199B8500ECBDF2 /* MyReceipts.app */ = {isa = PBXFileReference; explicitFileType = wrapper.application; includeInIndex = 0; path = MyReceipts.app; sourceTree = BUILT_PRODUCTS_DIR; };
		8409F7F029199B8500ECBDF2 /* AppDelegate.swift */ = {isa = PBXFileReference; lastKnownFileType = sourcecode.swift; path = AppDelegate.swift; sourceTree = "<group>"; };
		8409F7F229199B8500ECBDF2 /* SceneDelegate.swift */ = {isa = PBXFileReference; lastKnownFileType = sourcecode.swift; path = SceneDelegate.swift; sourceTree = "<group>"; };
		8409F7F429199B8500ECBDF2 /* ViewController.swift */ = {isa = PBXFileReference; lastKnownFileType = sourcecode.swift; path = ViewController.swift; sourceTree = "<group>"; };
		8409F7F729199B8500ECBDF2 /* Base */ = {isa = PBXFileReference; lastKnownFileType = file.storyboard; name = Base; path = Base.lproj/Main.storyboard; sourceTree = "<group>"; };
		8409F7F929199B8700ECBDF2 /* Assets.xcassets */ = {isa = PBXFileReference; lastKnownFileType = folder.assetcatalog; path = Assets.xcassets; sourceTree = "<group>"; };
		8409F7FC29199B8700ECBDF2 /* Base */ = {isa = PBXFileReference; lastKnownFileType = file.storyboard; name = Base; path = Base.lproj/LaunchScreen.storyboard; sourceTree = "<group>"; };
		8409F7FE29199B8700ECBDF2 /* Info.plist */ = {isa = PBXFileReference; lastKnownFileType = text.plist.xml; path = Info.plist; sourceTree = "<group>"; };
		8409F8042919B07C00ECBDF2 /* viewReceiptsVC.swift */ = {isa = PBXFileReference; lastKnownFileType = sourcecode.swift; path = viewReceiptsVC.swift; sourceTree = "<group>"; };
		8409F8062919B62C00ECBDF2 /* receiptsDataVC.swift */ = {isa = PBXFileReference; lastKnownFileType = sourcecode.swift; path = receiptsDataVC.swift; sourceTree = "<group>"; };
		8411C53329203CAA00CF29DF /* GoogleService-Info.plist */ = {isa = PBXFileReference; fileEncoding = 4; lastKnownFileType = text.plist.xml; path = "GoogleService-Info.plist"; sourceTree = "<group>"; };
		8411C5352920618F00CF29DF /* mainVC.swift */ = {isa = PBXFileReference; lastKnownFileType = sourcecode.swift; path = mainVC.swift; sourceTree = "<group>"; };
		846ADDDC292A87E0000669AD /* dataDetailVC.swift */ = {isa = PBXFileReference; lastKnownFileType = sourcecode.swift; name = dataDetailVC.swift; path = "/Users/saemi/Desktop/Grad School/CISC 555/MyReceipts/MyReceipts/dataDetailVC.swift"; sourceTree = "<absolute>"; };
		84A0BD3B292DAABF00A49B61 /* showReceiptVC.swift */ = {isa = PBXFileReference; lastKnownFileType = sourcecode.swift; name = showReceiptVC.swift; path = "/Users/saemi/Desktop/Grad School/CISC 555/MyReceipts/MyReceipts/showReceiptVC.swift"; sourceTree = "<absolute>"; };
		84E89F2A2921416B001AE5AC /* photoVC.swift */ = {isa = PBXFileReference; lastKnownFileType = sourcecode.swift; path = photoVC.swift; sourceTree = "<group>"; };
		84E89F2C29214D23001AE5AC /* extractTextVC.swift */ = {isa = PBXFileReference; lastKnownFileType = sourcecode.swift; path = extractTextVC.swift; sourceTree = "<group>"; };
/* End PBXFileReference section */

/* Begin PBXFrameworksBuildPhase section */
		8409F7EA29199B8500ECBDF2 /* Frameworks */ = {
			isa = PBXFrameworksBuildPhase;
			buildActionMask = 2147483647;
			files = (
				84E89F2929213C5E001AE5AC /* RealmSwift in Frameworks */,
				84E89F2729213C5E001AE5AC /* Realm in Frameworks */,
				9C3D9ACCC350E9079FCEDBB5 /* Pods_MyReceipts.framework in Frameworks */,
			);
			runOnlyForDeploymentPostprocessing = 0;
		};
/* End PBXFrameworksBuildPhase section */

/* Begin PBXGroup section */
		76EE067006CF92EDAF3E0CDD /* Frameworks */ = {
			isa = PBXGroup;
			children = (
				5C3696B9668D7AAAAB28B4BC /* Pods_MyReceipts.framework */,
			);
			name = Frameworks;
			sourceTree = "<group>";
		};
		8409F7E429199B8500ECBDF2 = {
			isa = PBXGroup;
			children = (
				8409F7EF29199B8500ECBDF2 /* MyReceipts */,
				8409F7EE29199B8500ECBDF2 /* Products */,
				ECB2DAC8D8B9552C60F6E349 /* Pods */,
				76EE067006CF92EDAF3E0CDD /* Frameworks */,
			);
			sourceTree = "<group>";
		};
		8409F7EE29199B8500ECBDF2 /* Products */ = {
			isa = PBXGroup;
			children = (
				8409F7ED29199B8500ECBDF2 /* MyReceipts.app */,
			);
			name = Products;
			sourceTree = "<group>";
		};
		8409F7EF29199B8500ECBDF2 /* MyReceipts */ = {
			isa = PBXGroup;
			children = (
				8409F7F029199B8500ECBDF2 /* AppDelegate.swift */,
				8409F7F229199B8500ECBDF2 /* SceneDelegate.swift */,
				8409F7F429199B8500ECBDF2 /* ViewController.swift */,
				8409F8042919B07C00ECBDF2 /* viewReceiptsVC.swift */,
				846ADDDC292A87E0000669AD /* dataDetailVC.swift */,
				84A0BD3B292DAABF00A49B61 /* showReceiptVC.swift */,
				8409F8062919B62C00ECBDF2 /* receiptsDataVC.swift */,
				8409F7F629199B8500ECBDF2 /* Main.storyboard */,
				84E89F2A2921416B001AE5AC /* photoVC.swift */,
				84E89F2C29214D23001AE5AC /* extractTextVC.swift */,
				8411C5352920618F00CF29DF /* mainVC.swift */,
				8409F7F929199B8700ECBDF2 /* Assets.xcassets */,
				8409F7FB29199B8700ECBDF2 /* LaunchScreen.storyboard */,
				8411C53329203CAA00CF29DF /* GoogleService-Info.plist */,
				8409F7FE29199B8700ECBDF2 /* Info.plist */,
			);
			path = MyReceipts;
			sourceTree = "<group>";
		};
		ECB2DAC8D8B9552C60F6E349 /* Pods */ = {
			isa = PBXGroup;
			children = (
				4AB97069C156A531CE7B6022 /* Pods-MyReceipts.debug.xcconfig */,
				5DE1FBAF5A585EF47C2EF912 /* Pods-MyReceipts.release.xcconfig */,
			);
			path = Pods;
			sourceTree = "<group>";
		};
/* End PBXGroup section */

/* Begin PBXNativeTarget section */
		8409F7EC29199B8500ECBDF2 /* MyReceipts */ = {
			isa = PBXNativeTarget;
			buildConfigurationList = 8409F80129199B8700ECBDF2 /* Build configuration list for PBXNativeTarget "MyReceipts" */;
			buildPhases = (
				D915612CA09AE294196ACA05 /* [CP] Check Pods Manifest.lock */,
				8409F7E929199B8500ECBDF2 /* Sources */,
				8409F7EA29199B8500ECBDF2 /* Frameworks */,
				8409F7EB29199B8500ECBDF2 /* Resources */,
				DE0685EC63B8D40B968E5DE9 /* [CP] Embed Pods Frameworks */,
			);
			buildRules = (
			);
			dependencies = (
			);
			name = MyReceipts;
			packageProductDependencies = (
				84E89F2629213C5E001AE5AC /* Realm */,
				84E89F2829213C5E001AE5AC /* RealmSwift */,
			);
			productName = MyReceipts;
			productReference = 8409F7ED29199B8500ECBDF2 /* MyReceipts.app */;
			productType = "com.apple.product-type.application";
		};
/* End PBXNativeTarget section */

/* Begin PBXProject section */
		8409F7E529199B8500ECBDF2 /* Project object */ = {
			isa = PBXProject;
			attributes = {
				BuildIndependentTargetsInParallel = 1;
				LastSwiftUpdateCheck = 1400;
				LastUpgradeCheck = 1400;
				TargetAttributes = {
					8409F7EC29199B8500ECBDF2 = {
						CreatedOnToolsVersion = 14.0;
					};
				};
			};
			buildConfigurationList = 8409F7E829199B8500ECBDF2 /* Build configuration list for PBXProject "MyReceipts" */;
			compatibilityVersion = "Xcode 14.0";
			developmentRegion = en;
			hasScannedForEncodings = 0;
			knownRegions = (
				en,
				Base,
			);
			mainGroup = 8409F7E429199B8500ECBDF2;
			packageReferences = (
				84E89F2529213C5E001AE5AC /* XCRemoteSwiftPackageReference "realm-swift" */,
			);
			productRefGroup = 8409F7EE29199B8500ECBDF2 /* Products */;
			projectDirPath = "";
			projectRoot = "";
			targets = (
				8409F7EC29199B8500ECBDF2 /* MyReceipts */,
			);
		};
/* End PBXProject section */

/* Begin PBXResourcesBuildPhase section */
		8409F7EB29199B8500ECBDF2 /* Resources */ = {
			isa = PBXResourcesBuildPhase;
			buildActionMask = 2147483647;
			files = (
				8409F7FD29199B8700ECBDF2 /* LaunchScreen.storyboard in Resources */,
				8411C53429203CAA00CF29DF /* GoogleService-Info.plist in Resources */,
				8409F7FA29199B8700ECBDF2 /* Assets.xcassets in Resources */,
				8409F7F829199B8500ECBDF2 /* Main.storyboard in Resources */,
			);
			runOnlyForDeploymentPostprocessing = 0;
		};
/* End PBXResourcesBuildPhase section */

/* Begin PBXShellScriptBuildPhase section */
		D915612CA09AE294196ACA05 /* [CP] Check Pods Manifest.lock */ = {
			isa = PBXShellScriptBuildPhase;
			buildActionMask = 2147483647;
			files = (
			);
			inputFileListPaths = (
			);
			inputPaths = (
				"${PODS_PODFILE_DIR_PATH}/Podfile.lock",
				"${PODS_ROOT}/Manifest.lock",
			);
			name = "[CP] Check Pods Manifest.lock";
			outputFileListPaths = (
			);
			outputPaths = (
				"$(DERIVED_FILE_DIR)/Pods-MyReceipts-checkManifestLockResult.txt",
			);
			runOnlyForDeploymentPostprocessing = 0;
			shellPath = /bin/sh;
			shellScript = "diff \"${PODS_PODFILE_DIR_PATH}/Podfile.lock\" \"${PODS_ROOT}/Manifest.lock\" > /dev/null\nif [ $? != 0 ] ; then\n    # print error to STDERR\n    echo \"error: The sandbox is not in sync with the Podfile.lock. Run 'pod install' or update your CocoaPods installation.\" >&2\n    exit 1\nfi\n# This output is used by Xcode 'outputs' to avoid re-running this script phase.\necho \"SUCCESS\" > \"${SCRIPT_OUTPUT_FILE_0}\"\n";
			showEnvVarsInLog = 0;
		};
		DE0685EC63B8D40B968E5DE9 /* [CP] Embed Pods Frameworks */ = {
			isa = PBXShellScriptBuildPhase;
			buildActionMask = 2147483647;
			files = (
			);
			inputFileListPaths = (
				"${PODS_ROOT}/Target Support Files/Pods-MyReceipts/Pods-MyReceipts-frameworks-${CONFIGURATION}-input-files.xcfilelist",
			);
			name = "[CP] Embed Pods Frameworks";
			outputFileListPaths = (
				"${PODS_ROOT}/Target Support Files/Pods-MyReceipts/Pods-MyReceipts-frameworks-${CONFIGURATION}-output-files.xcfilelist",
			);
			runOnlyForDeploymentPostprocessing = 0;
			shellPath = /bin/sh;
			shellScript = "\"${PODS_ROOT}/Target Support Files/Pods-MyReceipts/Pods-MyReceipts-frameworks.sh\"\n";
			showEnvVarsInLog = 0;
		};
/* End PBXShellScriptBuildPhase section */

/* Begin PBXSourcesBuildPhase section */
		8409F7E929199B8500ECBDF2 /* Sources */ = {
			isa = PBXSourcesBuildPhase;
			buildActionMask = 2147483647;
			files = (
				84E89F2B2921416B001AE5AC /* photoVC.swift in Sources */,
				8409F7F529199B8500ECBDF2 /* ViewController.swift in Sources */,
				8409F8072919B62C00ECBDF2 /* receiptsDataVC.swift in Sources */,
				8409F7F129199B8500ECBDF2 /* AppDelegate.swift in Sources */,
				8409F8052919B07C00ECBDF2 /* viewReceiptsVC.swift in Sources */,
				8409F7F329199B8500ECBDF2 /* SceneDelegate.swift in Sources */,
				84A0BD3C292DAABF00A49B61 /* showReceiptVC.swift in Sources */,
				846ADDDD292A87E0000669AD /* dataDetailVC.swift in Sources */,
				8411C5362920618F00CF29DF /* mainVC.swift in Sources */,
				84E89F2D29214D23001AE5AC /* extractTextVC.swift in Sources */,
			);
			runOnlyForDeploymentPostprocessing = 0;
		};
/* End PBXSourcesBuildPhase section */

/* Begin PBXVariantGroup section */
		8409F7F629199B8500ECBDF2 /* Main.storyboard */ = {
			isa = PBXVariantGroup;
			children = (
				8409F7F729199B8500ECBDF2 /* Base */,
			);
			name = Main.storyboard;
			sourceTree = "<group>";
		};
		8409F7FB29199B8700ECBDF2 /* LaunchScreen.storyboard */ = {
			isa = PBXVariantGroup;
			children = (
				8409F7FC29199B8700ECBDF2 /* Base */,
			);
			name = LaunchScreen.storyboard;
			sourceTree = "<group>";
		};
/* End PBXVariantGroup section */

/* Begin XCBuildConfiguration section */
		8409F7FF29199B8700ECBDF2 /* Debug */ = {
			isa = XCBuildConfiguration;
			buildSettings = {
				ALWAYS_SEARCH_USER_PATHS = NO;
				CLANG_ANALYZER_NONNULL = YES;
				CLANG_ANALYZER_NUMBER_OBJECT_CONVERSION = YES_AGGRESSIVE;
				CLANG_CXX_LANGUAGE_STANDARD = "gnu++20";
				CLANG_ENABLE_MODULES = YES;
				CLANG_ENABLE_OBJC_ARC = YES;
				CLANG_ENABLE_OBJC_WEAK = YES;
				CLANG_WARN_BLOCK_CAPTURE_AUTORELEASING = YES;
				CLANG_WARN_BOOL_CONVERSION = YES;
				CLANG_WARN_COMMA = YES;
				CLANG_WARN_CONSTANT_CONVERSION = YES;
				CLANG_WARN_DEPRECATED_OBJC_IMPLEMENTATIONS = YES;
				CLANG_WARN_DIRECT_OBJC_ISA_USAGE = YES_ERROR;
				CLANG_WARN_DOCUMENTATION_COMMENTS = YES;
				CLANG_WARN_EMPTY_BODY = YES;
				CLANG_WARN_ENUM_CONVERSION = YES;
				CLANG_WARN_INFINITE_RECURSION = YES;
				CLANG_WARN_INT_CONVERSION = YES;
				CLANG_WARN_NON_LITERAL_NULL_CONVERSION = YES;
				CLANG_WARN_OBJC_IMPLICIT_RETAIN_SELF = YES;
				CLANG_WARN_OBJC_LITERAL_CONVERSION = YES;
				CLANG_WARN_OBJC_ROOT_CLASS = YES_ERROR;
				CLANG_WARN_QUOTED_INCLUDE_IN_FRAMEWORK_HEADER = YES;
				CLANG_WARN_RANGE_LOOP_ANALYSIS = YES;
				CLANG_WARN_STRICT_PROTOTYPES = YES;
				CLANG_WARN_SUSPICIOUS_MOVE = YES;
				CLANG_WARN_UNGUARDED_AVAILABILITY = YES_AGGRESSIVE;
				CLANG_WARN_UNREACHABLE_CODE = YES;
				CLANG_WARN__DUPLICATE_METHOD_MATCH = YES;
				COPY_PHASE_STRIP = NO;
				DEBUG_INFORMATION_FORMAT = dwarf;
				ENABLE_STRICT_OBJC_MSGSEND = YES;
				ENABLE_TESTABILITY = YES;
				GCC_C_LANGUAGE_STANDARD = gnu11;
				GCC_DYNAMIC_NO_PIC = NO;
				GCC_NO_COMMON_BLOCKS = YES;
				GCC_OPTIMIZATION_LEVEL = 0;
				GCC_PREPROCESSOR_DEFINITIONS = (
					"DEBUG=1",
					"$(inherited)",
				);
				GCC_WARN_64_TO_32_BIT_CONVERSION = YES;
				GCC_WARN_ABOUT_RETURN_TYPE = YES_ERROR;
				GCC_WARN_UNDECLARED_SELECTOR = YES;
				GCC_WARN_UNINITIALIZED_AUTOS = YES_AGGRESSIVE;
				GCC_WARN_UNUSED_FUNCTION = YES;
				GCC_WARN_UNUSED_VARIABLE = YES;
				IPHONEOS_DEPLOYMENT_TARGET = 16.0;
				MTL_ENABLE_DEBUG_INFO = INCLUDE_SOURCE;
				MTL_FAST_MATH = YES;
				ONLY_ACTIVE_ARCH = YES;
				SDKROOT = iphoneos;
				SWIFT_ACTIVE_COMPILATION_CONDITIONS = DEBUG;
				SWIFT_OPTIMIZATION_LEVEL = "-Onone";
			};
			name = Debug;
		};
		8409F80029199B8700ECBDF2 /* Release */ = {
			isa = XCBuildConfiguration;
			buildSettings = {
				ALWAYS_SEARCH_USER_PATHS = NO;
				CLANG_ANALYZER_NONNULL = YES;
				CLANG_ANALYZER_NUMBER_OBJECT_CONVERSION = YES_AGGRESSIVE;
				CLANG_CXX_LANGUAGE_STANDARD = "gnu++20";
				CLANG_ENABLE_MODULES = YES;
				CLANG_ENABLE_OBJC_ARC = YES;
				CLANG_ENABLE_OBJC_WEAK = YES;
				CLANG_WARN_BLOCK_CAPTURE_AUTORELEASING = YES;
				CLANG_WARN_BOOL_CONVERSION = YES;
				CLANG_WARN_COMMA = YES;
				CLANG_WARN_CONSTANT_CONVERSION = YES;
				CLANG_WARN_DEPRECATED_OBJC_IMPLEMENTATIONS = YES;
				CLANG_WARN_DIRECT_OBJC_ISA_USAGE = YES_ERROR;
				CLANG_WARN_DOCUMENTATION_COMMENTS = YES;
				CLANG_WARN_EMPTY_BODY = YES;
				CLANG_WARN_ENUM_CONVERSION = YES;
				CLANG_WARN_INFINITE_RECURSION = YES;
				CLANG_WARN_INT_CONVERSION = YES;
				CLANG_WARN_NON_LITERAL_NULL_CONVERSION = YES;
				CLANG_WARN_OBJC_IMPLICIT_RETAIN_SELF = YES;
				CLANG_WARN_OBJC_LITERAL_CONVERSION = YES;
				CLANG_WARN_OBJC_ROOT_CLASS = YES_ERROR;
				CLANG_WARN_QUOTED_INCLUDE_IN_FRAMEWORK_HEADER = YES;
				CLANG_WARN_RANGE_LOOP_ANALYSIS = YES;
				CLANG_WARN_STRICT_PROTOTYPES = YES;
				CLANG_WARN_SUSPICIOUS_MOVE = YES;
				CLANG_WARN_UNGUARDED_AVAILABILITY = YES_AGGRESSIVE;
				CLANG_WARN_UNREACHABLE_CODE = YES;
				CLANG_WARN__DUPLICATE_METHOD_MATCH = YES;
				COPY_PHASE_STRIP = NO;
				DEBUG_INFORMATION_FORMAT = "dwarf-with-dsym";
				ENABLE_NS_ASSERTIONS = NO;
				ENABLE_STRICT_OBJC_MSGSEND = YES;
				GCC_C_LANGUAGE_STANDARD = gnu11;
				GCC_NO_COMMON_BLOCKS = YES;
				GCC_WARN_64_TO_32_BIT_CONVERSION = YES;
				GCC_WARN_ABOUT_RETURN_TYPE = YES_ERROR;
				GCC_WARN_UNDECLARED_SELECTOR = YES;
				GCC_WARN_UNINITIALIZED_AUTOS = YES_AGGRESSIVE;
				GCC_WARN_UNUSED_FUNCTION = YES;
				GCC_WARN_UNUSED_VARIABLE = YES;
				IPHONEOS_DEPLOYMENT_TARGET = 16.0;
				MTL_ENABLE_DEBUG_INFO = NO;
				MTL_FAST_MATH = YES;
				SDKROOT = iphoneos;
				SWIFT_COMPILATION_MODE = wholemodule;
				SWIFT_OPTIMIZATION_LEVEL = "-O";
				VALIDATE_PRODUCT = YES;
			};
			name = Release;
		};
		8409F80229199B8700ECBDF2 /* Debug */ = {
			isa = XCBuildConfiguration;
			baseConfigurationReference = 4AB97069C156A531CE7B6022 /* Pods-MyReceipts.debug.xcconfig */;
			buildSettings = {
				ASSETCATALOG_COMPILER_APPICON_NAME = AppIcon;
				ASSETCATALOG_COMPILER_GLOBAL_ACCENT_COLOR_NAME = AccentColor;
				CODE_SIGN_STYLE = Automatic;
				CURRENT_PROJECT_VERSION = 1;
				DEVELOPMENT_TEAM = P354VK2Y2R;
				GENERATE_INFOPLIST_FILE = YES;
				INFOPLIST_FILE = MyReceipts/Info.plist;
				INFOPLIST_KEY_UIApplicationSupportsIndirectInputEvents = YES;
				INFOPLIST_KEY_UILaunchStoryboardName = LaunchScreen;
				INFOPLIST_KEY_UIMainStoryboardFile = Main;
				INFOPLIST_KEY_UISupportedInterfaceOrientations_iPad = "UIInterfaceOrientationPortrait UIInterfaceOrientationPortraitUpsideDown UIInterfaceOrientationLandscapeLeft UIInterfaceOrientationLandscapeRight";
				INFOPLIST_KEY_UISupportedInterfaceOrientations_iPhone = "UIInterfaceOrientationPortrait UIInterfaceOrientationLandscapeLeft UIInterfaceOrientationLandscapeRight";
				IPHONEOS_DEPLOYMENT_TARGET = 14.0;
				LD_RUNPATH_SEARCH_PATHS = (
					"$(inherited)",
					"@executable_path/Frameworks",
				);
				MARKETING_VERSION = 1.0;
				PRODUCT_BUNDLE_IDENTIFIER = com.saemi.MyReceipts;
				PRODUCT_NAME = "$(TARGET_NAME)";
				SWIFT_EMIT_LOC_STRINGS = YES;
				SWIFT_VERSION = 5.0;
				TARGETED_DEVICE_FAMILY = "1,2";
			};
			name = Debug;
		};
		8409F80329199B8700ECBDF2 /* Release */ = {
			isa = XCBuildConfiguration;
			baseConfigurationReference = 5DE1FBAF5A585EF47C2EF912 /* Pods-MyReceipts.release.xcconfig */;
			buildSettings = {
				ASSETCATALOG_COMPILER_APPICON_NAME = AppIcon;
				ASSETCATALOG_COMPILER_GLOBAL_ACCENT_COLOR_NAME = AccentColor;
				CODE_SIGN_STYLE = Automatic;
				CURRENT_PROJECT_VERSION = 1;
				DEVELOPMENT_TEAM = P354VK2Y2R;
				GENERATE_INFOPLIST_FILE = YES;
				INFOPLIST_FILE = MyReceipts/Info.plist;
				INFOPLIST_KEY_UIApplicationSupportsIndirectInputEvents = YES;
				INFOPLIST_KEY_UILaunchStoryboardName = LaunchScreen;
				INFOPLIST_KEY_UIMainStoryboardFile = Main;
				INFOPLIST_KEY_UISupportedInterfaceOrientations_iPad = "UIInterfaceOrientationPortrait UIInterfaceOrientationPortraitUpsideDown UIInterfaceOrientationLandscapeLeft UIInterfaceOrientationLandscapeRight";
				INFOPLIST_KEY_UISupportedInterfaceOrientations_iPhone = "UIInterfaceOrientationPortrait UIInterfaceOrientationLandscapeLeft UIInterfaceOrientationLandscapeRight";
				IPHONEOS_DEPLOYMENT_TARGET = 14.0;
				LD_RUNPATH_SEARCH_PATHS = (
					"$(inherited)",
					"@executable_path/Frameworks",
				);
				MARKETING_VERSION = 1.0;
				PRODUCT_BUNDLE_IDENTIFIER = com.saemi.MyReceipts;
				PRODUCT_NAME = "$(TARGET_NAME)";
				SWIFT_EMIT_LOC_STRINGS = YES;
				SWIFT_VERSION = 5.0;
				TARGETED_DEVICE_FAMILY = "1,2";
			};
			name = Release;
		};
/* End XCBuildConfiguration section */

/* Begin XCConfigurationList section */
		8409F7E829199B8500ECBDF2 /* Build configuration list for PBXProject "MyReceipts" */ = {
			isa = XCConfigurationList;
			buildConfigurations = (
				8409F7FF29199B8700ECBDF2 /* Debug */,
				8409F80029199B8700ECBDF2 /* Release */,
			);
			defaultConfigurationIsVisible = 0;
			defaultConfigurationName = Release;
		};
		8409F80129199B8700ECBDF2 /* Build configuration list for PBXNativeTarget "MyReceipts" */ = {
			isa = XCConfigurationList;
			buildConfigurations = (
				8409F80229199B8700ECBDF2 /* Debug */,
				8409F80329199B8700ECBDF2 /* Release */,
			);
			defaultConfigurationIsVisible = 0;
			defaultConfigurationName = Release;
		};
/* End XCConfigurationList section */

/* Begin XCRemoteSwiftPackageReference section */
		84E89F2529213C5E001AE5AC /* XCRemoteSwiftPackageReference "realm-swift" */ = {
			isa = XCRemoteSwiftPackageReference;
			repositoryURL = "https://github.com/realm/realm-swift.git";
			requirement = {
				kind = upToNextMajorVersion;
				minimumVersion = 10.32.3;
			};
		};
/* End XCRemoteSwiftPackageReference section */

/* Begin XCSwiftPackageProductDependency section */
		84E89F2629213C5E001AE5AC /* Realm */ = {
			isa = XCSwiftPackageProductDependency;
			package = 84E89F2529213C5E001AE5AC /* XCRemoteSwiftPackageReference "realm-swift" */;
			productName = Realm;
		};
		84E89F2829213C5E001AE5AC /* RealmSwift */ = {
			isa = XCSwiftPackageProductDependency;
			package = 84E89F2529213C5E001AE5AC /* XCRemoteSwiftPackageReference "realm-swift" */;
			productName = RealmSwift;
		};
/* End XCSwiftPackageProductDependency section */
	};
	rootObject = 8409F7E529199B8500ECBDF2 /* Project object */;
}
